
Microsoft Visual Studio Solution File, Format Version 12.00
# Visual Studio Version 16
VisualStudioVersion = 16.0.31911.196
MinimumVisualStudioVersion = 10.0.40219.1
Project("{9A19103F-16F7-4668-BE54-9A1E7A4F7556}") = "ApartmentsApp.Services", "ApartmentsApp.Services\ApartmentsApp.Services.csproj", "{36BD3F88-9BEB-43A2-A9F8-ADC1027AAF7E}"
EndProject
Project("{9A19103F-16F7-4668-BE54-9A1E7A4F7556}") = "ApartmentsApp.DB", "ApartmentsApp.DB\ApartmentsApp.DB.csproj", "{67F44EA3-57DA-48CF-AE34-DCE211243269}"
EndProject
Project("{9A19103F-16F7-4668-BE54-9A1E7A4F7556}") = "ApartmentsApp.API", "ApartmentsApp.API\ApartmentsApp.API.csproj", "{74ED686D-C89E-4B03-BE39-235E625CCF27}"
EndProject
Project("{9A19103F-16F7-4668-BE54-9A1E7A4F7556}") = "ApartmentsApp.Models", "ApartmentsApp.Models\ApartmentsApp.Models.csproj", "{C10160E0-4EA3-4E57-97CA-13D26773B6E4}"
EndProject
Project("{9A19103F-16F7-4668-BE54-9A1E7A4F7556}") = "ApartmentsApp.Core", "ApartmentsApp.Core\ApartmentsApp.Core.csproj", "{7F700DCA-666F-4155-9883-20A9579EE888}"
EndProject
Project("{FAE04EC0-301F-11D3-BF4B-00C04F79EFBC}") = "ApartmentsApp.WebUI", "ApartmentsApp.WebUI\ApartmentsApp.WebUI.csproj", "{88B7C1E9-610B-4FF7-8826-BB49E04F1760}"
EndProject
Global
	GlobalSection(SolutionConfigurationPlatforms) = preSolution
		Debug|Any CPU = Debug|Any CPU
		Release|Any CPU = Release|Any CPU
	EndGlobalSection
	GlobalSection(ProjectConfigurationPlatforms) = postSolution
		{36BD3F88-9BEB-43A2-A9F8-ADC1027AAF7E}.Debug|Any CPU.ActiveCfg = Debug|Any CPU
		{36BD3F88-9BEB-43A2-A9F8-ADC1027AAF7E}.Debug|Any CPU.Build.0 = Debug|Any CPU
		{36BD3F88-9BEB-43A2-A9F8-ADC1027AAF7E}.Release|Any CPU.ActiveCfg = Release|Any CPU
		{36BD3F88-9BEB-43A2-A9F8-ADC1027AAF7E}.Release|Any CPU.Build.0 = Release|Any CPU
		{67F44EA3-57DA-48CF-AE34-DCE211243269}.Debug|Any CPU.ActiveCfg = Debug|Any CPU
		{67F44EA3-57DA-48CF-AE34-DCE211243269}.Debug|Any CPU.Build.0 = Debug|Any CPU
		{67F44EA3-57DA-48CF-AE34-DCE211243269}.Release|Any CPU.ActiveCfg = Release|Any CPU
		{67F44EA3-57DA-48CF-AE34-DCE211243269}.Release|Any CPU.Build.0 = Release|Any CPU
		{74ED686D-C89E-4B03-BE39-235E625CCF27}.Debug|Any CPU.ActiveCfg = Debug|Any CPU
		{74ED686D-C89E-4B03-BE39-235E625CCF27}.Debug|Any CPU.Build.0 = Debug|Any CPU
		{74ED686D-C89E-4B03-BE39-235E625CCF27}.Release|Any CPU.ActiveCfg = Release|Any CPU
		{74ED686D-C89E-4B03-BE39-235E625CCF27}.Release|Any CPU.Build.0 = Release|Any CPU
		{C10160E0-4EA3-4E57-97CA-13D26773B6E4}.Debug|Any CPU.ActiveCfg = Debug|Any CPU
		{C10160E0-4EA3-4E57-97CA-13D26773B6E4}.Debug|Any CPU.Build.0 = Debug|Any CPU
		{C10160E0-4EA3-4E57-97CA-13D26773B6E4}.Release|Any CPU.ActiveCfg = Release|Any CPU
		{C10160E0-4EA3-4E57-97CA-13D26773B6E4}.Release|Any CPU.Build.0 = Release|Any CPU
		{7F700DCA-666F-4155-9883-20A9579EE888}.Debug|Any CPU.ActiveCfg = Debug|Any CPU
		{7F700DCA-666F-4155-9883-20A9579EE888}.Debug|Any CPU.Build.0 = Debug|Any CPU
		{7F700DCA-666F-4155-9883-20A9579EE888}.Release|Any CPU.ActiveCfg = Release|Any CPU
		{7F700DCA-666F-4155-9883-20A9579EE888}.Release|Any CPU.Build.0 = Release|Any CPU
		{88B7C1E9-610B-4FF7-8826-BB49E04F1760}.Debug|Any CPU.ActiveCfg = Debug|Any CPU
		{88B7C1E9-610B-4FF7-8826-BB49E04F1760}.Debug|Any CPU.Build.0 = Debug|Any CPU
		{88B7C1E9-610B-4FF7-8826-BB49E04F1760}.Release|Any CPU.ActiveCfg = Release|Any CPU
		{88B7C1E9-610B-4FF7-8826-BB49E04F1760}.Release|Any CPU.Build.0 = Release|Any CPU
	EndGlobalSection
	GlobalSection(SolutionProperties) = preSolution
		HideSolutionNode = FALSE
	EndGlobalSection
	GlobalSection(ExtensibilityGlobals) = postSolution
		SolutionGuid = {AC90BDC6-90BF-4DF2-8835-FD86F9DEE907}
	EndGlobalSection
EndGlobal
